<?xml version="1.0" encoding="utf-8"?>
<Project ToolsVersion="4.0" xmlns="http://schemas.microsoft.com/developer/msbuild/2003">
  <ItemGroup>
    <Filter Include="源文件">
      <UniqueIdentifier>{4FC737F1-C7A5-4376-A066-2A32D752A2FF}</UniqueIdentifier>
      <Extensions>cpp;c;cc;cxx;c++;cppm;ixx;def;odl;idl;hpj;bat;asm;asmx</Extensions>
    </Filter>
    <Filter Include="头文件">
      <UniqueIdentifier>{93995380-89BD-4b04-88EB-625FBE52EBFB}</UniqueIdentifier>
      <Extensions>h;hh;hpp;hxx;h++;hm;inl;inc;ipp;xsd</Extensions>
    </Filter>
    <Filter Include="资源文件">
      <UniqueIdentifier>{67DA6AB6-F800-4c08-8B7A-83BB121AAD01}</UniqueIdentifier>
      <Extensions>rc;ico;cur;bmp;dlg;rc2;rct;bin;rgs;gif;jpg;jpeg;jpe;resx;tiff;tif;png;wav;mfcribbon-ms</Extensions>
    </Filter>
  </ItemGroup>
  <ItemGroup>
    <ClCompile Include="src\main.cpp">
      <Filter>源文件</Filter>
    </ClCompile>
    <ClCompile Include="src\window\Window.cpp">
      <Filter>源文件</Filter>
    </ClCompile>
    <ClCompile Include="src\Camera\Camera.cpp">
      <Filter>源文件</Filter>
    </ClCompile>
    <ClCompile Include="src\Renderer\Ray.cpp">
      <Filter>源文件</Filter>
    </ClCompile>
    <ClCompile Include="src\Model\Sphere.cpp">
      <Filter>源文件</Filter>
    </ClCompile>
    <ClCompile Include="src\Renderer\RayTracer.cpp">
      <Filter>源文件</Filter>
    </ClCompile>
    <ClCompile Include="src\Model\HittableList.cpp">
      <Filter>源文件</Filter>
    </ClCompile>
    <ClCompile Include="src\Material\Lambertian.cpp">
      <Filter>源文件</Filter>
    </ClCompile>
    <ClCompile Include="src\Material\Material.cpp">
      <Filter>源文件</Filter>
    </ClCompile>
    <ClCompile Include="src\Material\Metal.cpp">
      <Filter>源文件</Filter>
    </ClCompile>
    <ClCompile Include="src\Material\Dielectric.cpp">
      <Filter>源文件</Filter>
    </ClCompile>
    <ClCompile Include="src\Renderer\BoundingBox.cpp">
      <Filter>源文件</Filter>
    </ClCompile>
    <ClCompile Include="src\BVH\BvhNode.cpp">
      <Filter>源文件</Filter>
    </ClCompile>
    <ClCompile Include="src\Model\XYPlane.cpp">
      <Filter>源文件</Filter>
    </ClCompile>
    <ClCompile Include="src\Model\YZPlane.cpp">
      <Filter>源文件</Filter>
    </ClCompile>
    <ClCompile Include="src\Model\XZPlane.cpp">
      <Filter>源文件</Filter>
    </ClCompile>
    <ClCompile Include="src\Model\Box.cpp">
      <Filter>源文件</Filter>
    </ClCompile>
    <ClCompile Include="src\Material\DiffuseLight.cpp">
      <Filter>源文件</Filter>
    </ClCompile>
  </ItemGroup>
  <ItemGroup>
    <ClInclude Include="src\window\Window.h">
      <Filter>头文件</Filter>
    </ClInclude>
    <ClInclude Include="src\Camera\Camera.h">
      <Filter>头文件</Filter>
    </ClInclude>
    <ClInclude Include="src\Renderer\Ray.h">
      <Filter>头文件</Filter>
    </ClInclude>
    <ClInclude Include="src\Model\Hittable.h">
      <Filter>头文件</Filter>
    </ClInclude>
    <ClInclude Include="src\Model\Sphere.h">
      <Filter>头文件</Filter>
    </ClInclude>
    <ClInclude Include="src\Renderer\RayTracer.h">
      <Filter>头文件</Filter>
    </ClInclude>
    <ClInclude Include="src\Model\HittableList.h">
      <Filter>头文件</Filter>
    </ClInclude>
    <ClInclude Include="src\Material\Lambertian.h">
      <Filter>头文件</Filter>
    </ClInclude>
    <ClInclude Include="src\Material\Material.h">
      <Filter>头文件</Filter>
    </ClInclude>
    <ClInclude Include="src\Material\Metal.h">
      <Filter>头文件</Filter>
    </ClInclude>
    <ClInclude Include="src\utils\Utils.h">
      <Filter>头文件</Filter>
    </ClInclude>
    <ClInclude Include="src\Material\Dielectric.h">
      <Filter>头文件</Filter>
    </ClInclude>
    <ClInclude Include="src\Renderer\BoundingBox.h">
      <Filter>头文件</Filter>
    </ClInclude>
    <ClInclude Include="src\BVH\BvhNode.h">
      <Filter>头文件</Filter>
    </ClInclude>
    <ClInclude Include="src\Model\XYPlane.h">
      <Filter>头文件</Filter>
    </ClInclude>
    <ClInclude Include="src\Model\YZPlane.h">
      <Filter>头文件</Filter>
    </ClInclude>
    <ClInclude Include="src\Model\XZPlane.h">
      <Filter>头文件</Filter>
    </ClInclude>
    <ClInclude Include="src\Model\Box.h">
      <Filter>头文件</Filter>
    </ClInclude>
    <ClInclude Include="src\Material\DiffuseLight.h">
      <Filter>头文件</Filter>
    </ClInclude>
  </ItemGroup>
</Project>